<?xml version="1.0" encoding="utf-8"?>
<Project ToolsVersion="4.0" xmlns="http://schemas.microsoft.com/developer/msbuild/2003">
  <ItemGroup>
    <Filter Include="Source Files">
      <UniqueIdentifier>{4FC737F1-C7A5-4376-A066-2A32D752A2FF}</UniqueIdentifier>
      <Extensions>cpp;c;cc;cxx;def;odl;idl;hpj;bat;asm;asmx</Extensions>
    </Filter>
    <Filter Include="Header Files">
      <UniqueIdentifier>{93995380-89BD-4b04-88EB-625FBE52EBFB}</UniqueIdentifier>
      <Extensions>h;hh;hpp;hxx;hm;inl;inc;xsd</Extensions>
    </Filter>
    <Filter Include="Resource Files">
      <UniqueIdentifier>{67DA6AB6-F800-4c08-8B7A-83BB121AAD01}</UniqueIdentifier>
      <Extensions>rc;ico;cur;bmp;dlg;rc2;rct;bin;rgs;gif;jpg;jpeg;jpe;resx;tiff;tif;png;wav;mfcribbon-ms</Extensions>
    </Filter>
    <Filter Include="Source Files\PathFinding">
      <UniqueIdentifier>{b4596d8f-9bf7-4d0f-a639-b0dc106da027}</UniqueIdentifier>
    </Filter>
    <Filter Include="Source Files\GameStates">
      <UniqueIdentifier>{4f57cd6c-9167-4d89-8322-0db1bf01436c}</UniqueIdentifier>
    </Filter>
    <Filter Include="Source Files\Global">
      <UniqueIdentifier>{026e0209-a976-4e3e-ae94-9dee8747e012}</UniqueIdentifier>
    </Filter>
    <Filter Include="Source Files\StartUp">
      <UniqueIdentifier>{e9552415-6285-4153-a003-bb96f0718d93}</UniqueIdentifier>
    </Filter>
    <Filter Include="Source Files\Render and GUI">
      <UniqueIdentifier>{90cc541c-a9cf-4529-8e3c-edda57c5f5db}</UniqueIdentifier>
    </Filter>
  </ItemGroup>
  <ItemGroup>
    <ClCompile Include="Factory.cpp">
      <Filter>Source Files</Filter>
    </ClCompile>
    <ClCompile Include="GetAStarPath.cpp">
      <Filter>Source Files\PathFinding</Filter>
    </ClCompile>
    <ClCompile Include="GameStateManagmeant.cpp">
      <Filter>Source Files\GameStates</Filter>
    </ClCompile>
    <ClCompile Include="GameStates.cpp">
      <Filter>Source Files\GameStates</Filter>
    </ClCompile>
    <ClCompile Include="Information.cpp">
      <Filter>Source Files\Global</Filter>
    </ClCompile>
    <ClCompile Include="AI_DEMOApp.cpp">
      <Filter>Source Files\StartUp</Filter>
    </ClCompile>
    <ClCompile Include="main.cpp">
      <Filter>Source Files\StartUp</Filter>
    </ClCompile>
    <ClCompile Include="NavManager.cpp">
      <Filter>Source Files\PathFinding</Filter>
    </ClCompile>
    <ClCompile Include="RenderToMesh.cpp">
      <Filter>Source Files\Render and GUI</Filter>
    </ClCompile>
    <ClCompile Include="Button.cpp">
      <Filter>Source Files\Render and GUI</Filter>
    </ClCompile>
    <ClCompile Include="MouseState.cpp">
      <Filter>Source Files</Filter>
    </ClCompile>
    <ClCompile Include="NavMeshNode.cpp">
      <Filter>Source Files\PathFinding</Filter>
    </ClCompile>
    <ClCompile Include="MapNode.cpp">
      <Filter>Source Files\PathFinding</Filter>
    </ClCompile>
  </ItemGroup>
  <ItemGroup>
    <ClInclude Include="Factory.h">
      <Filter>Source Files</Filter>
    </ClInclude>
    <ClInclude Include="GetAStarPath.h">
      <Filter>Source Files\PathFinding</Filter>
    </ClInclude>
    <ClInclude Include="GameStateManagmeant.h">
      <Filter>Source Files\GameStates</Filter>
    </ClInclude>
    <ClInclude Include="GameStates.h">
      <Filter>Source Files\GameStates</Filter>
    </ClInclude>
    <ClInclude Include="Information.h">
      <Filter>Source Files\Global</Filter>
    </ClInclude>
    <ClInclude Include="AI_DEMOApp.h">
      <Filter>Source Files\StartUp</Filter>
    </ClInclude>
    <ClInclude Include="NavManager.h">
      <Filter>Source Files\PathFinding</Filter>
    </ClInclude>
    <ClInclude Include="RenderToMesh.h">
      <Filter>Source Files\Render and GUI</Filter>
    </ClInclude>
    <ClInclude Include="Button.h">
      <Filter>Source Files\Render and GUI</Filter>
    </ClInclude>
    <ClInclude Include="MouseState.h">
      <Filter>Source Files</Filter>
    </ClInclude>
    <ClInclude Include="TypesAndDefines.h">
      <Filter>Source Files\Global</Filter>
    </ClInclude>
    <ClInclude Include="MapNode.h">
      <Filter>Source Files\PathFinding</Filter>
    </ClInclude>
    <ClInclude Include="NavMeshNode.h">
      <Filter>Source Files\PathFinding</Filter>
    </ClInclude>
  </ItemGroup>
</Project>