<?xml version="1.0" encoding="utf-8"?>
<Project ToolsVersion="4.0" xmlns="http://schemas.microsoft.com/developer/msbuild/2003">
  <ItemGroup>
    <Filter Include="Source Files">
      <UniqueIdentifier>{4FC737F1-C7A5-4376-A066-2A32D752A2FF}</UniqueIdentifier>
      <Extensions>cpp;c;cc;cxx;def;odl;idl;hpj;bat;asm;asmx</Extensions>
    </Filter>
    <Filter Include="Header Files">
      <UniqueIdentifier>{93995380-89BD-4b04-88EB-625FBE52EBFB}</UniqueIdentifier>
      <Extensions>h;hh;hpp;hxx;hm;inl;inc;xsd</Extensions>
    </Filter>
    <Filter Include="Resource Files">
      <UniqueIdentifier>{67DA6AB6-F800-4c08-8B7A-83BB121AAD01}</UniqueIdentifier>
      <Extensions>rc;ico;cur;bmp;dlg;rc2;rct;bin;rgs;gif;jpg;jpeg;jpe;resx;tiff;tif;png;wav;mfcribbon-ms</Extensions>
    </Filter>
    <Filter Include="Source Files\PathFinding">
      <UniqueIdentifier>{b4596d8f-9bf7-4d0f-a639-b0dc106da027}</UniqueIdentifier>
    </Filter>
    <Filter Include="Source Files\GameStates">
      <UniqueIdentifier>{4f57cd6c-9167-4d89-8322-0db1bf01436c}</UniqueIdentifier>
    </Filter>
    <Filter Include="Source Files\Global">
      <UniqueIdentifier>{026e0209-a976-4e3e-ae94-9dee8747e012}</UniqueIdentifier>
    </Filter>
    <Filter Include="Source Files\StartUp">
      <UniqueIdentifier>{e9552415-6285-4153-a003-bb96f0718d93}</UniqueIdentifier>
    </Filter>
    <Filter Include="Source Files\Render and GUI">
      <UniqueIdentifier>{90cc541c-a9cf-4529-8e3c-edda57c5f5db}</UniqueIdentifier>
    </Filter>
    <Filter Include="Source Files\Objects">
      <UniqueIdentifier>{8539d3a1-db32-40f9-a21c-31939bbd3b08}</UniqueIdentifier>
    </Filter>
    <Filter Include="Source Files\Behaviours">
      <UniqueIdentifier>{2fca3750-04b1-46bf-9891-b2296b17e7bc}</UniqueIdentifier>
    </Filter>
    <Filter Include="Source Files\Behaviours\DecsicionTree">
      <UniqueIdentifier>{8e42ccad-15d9-42e8-8600-6a83f73adfb5}</UniqueIdentifier>
    </Filter>
    <Filter Include="Source Files\Behaviours\StateMachine">
      <UniqueIdentifier>{ed96be66-f0c0-4a26-8e79-3435d5839124}</UniqueIdentifier>
    </Filter>
    <Filter Include="Source Files\Behaviours\BlackBoard">
      <UniqueIdentifier>{50f164a7-1694-49be-8a66-29da3d96dc94}</UniqueIdentifier>
    </Filter>
    <Filter Include="Source Files\Behaviours\Utility">
      <UniqueIdentifier>{abf295b0-6d3b-4d37-8089-9b9baf52a384}</UniqueIdentifier>
    </Filter>
    <Filter Include="Source Files\Behaviours\StateMachine\States">
      <UniqueIdentifier>{45ecef4b-ed1d-4f43-a4fa-16238bb20e70}</UniqueIdentifier>
    </Filter>
  </ItemGroup>
  <ItemGroup>
    <ClCompile Include="Factory.cpp">
      <Filter>Source Files</Filter>
    </ClCompile>
    <ClCompile Include="GetAStarPath.cpp">
      <Filter>Source Files\PathFinding</Filter>
    </ClCompile>
    <ClCompile Include="GameStateManagmeant.cpp">
      <Filter>Source Files\GameStates</Filter>
    </ClCompile>
    <ClCompile Include="GameStates.cpp">
      <Filter>Source Files\GameStates</Filter>
    </ClCompile>
    <ClCompile Include="Information.cpp">
      <Filter>Source Files\Global</Filter>
    </ClCompile>
    <ClCompile Include="AI_DEMOApp.cpp">
      <Filter>Source Files\StartUp</Filter>
    </ClCompile>
    <ClCompile Include="main.cpp">
      <Filter>Source Files\StartUp</Filter>
    </ClCompile>
    <ClCompile Include="NavManager.cpp">
      <Filter>Source Files\PathFinding</Filter>
    </ClCompile>
    <ClCompile Include="RenderToMesh.cpp">
      <Filter>Source Files\Render and GUI</Filter>
    </ClCompile>
    <ClCompile Include="Button.cpp">
      <Filter>Source Files\Render and GUI</Filter>
    </ClCompile>
    <ClCompile Include="MouseState.cpp">
      <Filter>Source Files</Filter>
    </ClCompile>
    <ClCompile Include="NavMeshNode.cpp">
      <Filter>Source Files\PathFinding</Filter>
    </ClCompile>
    <ClCompile Include="MapNode.cpp">
      <Filter>Source Files\PathFinding</Filter>
    </ClCompile>
    <ClCompile Include="Object.cpp">
      <Filter>Source Files\Objects</Filter>
    </ClCompile>
    <ClCompile Include="Entity.cpp">
      <Filter>Source Files\Objects</Filter>
    </ClCompile>
    <ClCompile Include="PlayerUnitDecsisionTree.cpp">
      <Filter>Source Files\Behaviours\DecsicionTree</Filter>
    </ClCompile>
    <ClCompile Include="Villager.cpp">
      <Filter>Source Files\Objects</Filter>
    </ClCompile>
    <ClCompile Include="EntityStateMachine.cpp">
      <Filter>Source Files\Behaviours\StateMachine</Filter>
    </ClCompile>
    <ClCompile Include="Boids.cpp">
      <Filter>Source Files\Objects</Filter>
    </ClCompile>
    <ClCompile Include="BoidsBlackBoard.cpp">
      <Filter>Source Files\Behaviours\BlackBoard</Filter>
    </ClCompile>
    <ClCompile Include="VillagerBlackBoard.cpp">
      <Filter>Source Files\Behaviours\BlackBoard</Filter>
    </ClCompile>
    <ClCompile Include="MapEdges.cpp">
      <Filter>Source Files\PathFinding</Filter>
    </ClCompile>
    <ClCompile Include="VillegerUtility.cpp">
      <Filter>Source Files\Behaviours\Utility</Filter>
    </ClCompile>
    <ClCompile Include="MoveState.cpp">
      <Filter>Source Files\Behaviours\StateMachine\States</Filter>
    </ClCompile>
    <ClCompile Include="Food.cpp">
      <Filter>Source Files\Objects</Filter>
    </ClCompile>
    <ClCompile Include="LimitedFood.cpp">
      <Filter>Source Files\Objects</Filter>
    </ClCompile>
    <ClCompile Include="InfiniteFood.cpp">
      <Filter>Source Files\Objects</Filter>
    </ClCompile>
  </ItemGroup>
  <ItemGroup>
    <ClInclude Include="Factory.h">
      <Filter>Source Files</Filter>
    </ClInclude>
    <ClInclude Include="GetAStarPath.h">
      <Filter>Source Files\PathFinding</Filter>
    </ClInclude>
    <ClInclude Include="GameStateManagmeant.h">
      <Filter>Source Files\GameStates</Filter>
    </ClInclude>
    <ClInclude Include="GameStates.h">
      <Filter>Source Files\GameStates</Filter>
    </ClInclude>
    <ClInclude Include="Information.h">
      <Filter>Source Files\Global</Filter>
    </ClInclude>
    <ClInclude Include="AI_DEMOApp.h">
      <Filter>Source Files\StartUp</Filter>
    </ClInclude>
    <ClInclude Include="NavManager.h">
      <Filter>Source Files\PathFinding</Filter>
    </ClInclude>
    <ClInclude Include="RenderToMesh.h">
      <Filter>Source Files\Render and GUI</Filter>
    </ClInclude>
    <ClInclude Include="Button.h">
      <Filter>Source Files\Render and GUI</Filter>
    </ClInclude>
    <ClInclude Include="MouseState.h">
      <Filter>Source Files</Filter>
    </ClInclude>
    <ClInclude Include="TypesAndDefines.h">
      <Filter>Source Files\Global</Filter>
    </ClInclude>
    <ClInclude Include="MapNode.h">
      <Filter>Source Files\PathFinding</Filter>
    </ClInclude>
    <ClInclude Include="NavMeshNode.h">
      <Filter>Source Files\PathFinding</Filter>
    </ClInclude>
    <ClInclude Include="Object.h">
      <Filter>Source Files\Objects</Filter>
    </ClInclude>
    <ClInclude Include="Entity.h">
      <Filter>Source Files\Objects</Filter>
    </ClInclude>
    <ClInclude Include="PlayerUnitDecsisionTree.h">
      <Filter>Source Files\Behaviours\DecsicionTree</Filter>
    </ClInclude>
    <ClInclude Include="Villager.h">
      <Filter>Source Files\Objects</Filter>
    </ClInclude>
    <ClInclude Include="EntityStateMachine.h">
      <Filter>Source Files\Behaviours\StateMachine</Filter>
    </ClInclude>
    <ClInclude Include="EntityStates.h">
      <Filter>Source Files\Behaviours\StateMachine</Filter>
    </ClInclude>
    <ClInclude Include="Boids.h">
      <Filter>Source Files\Objects</Filter>
    </ClInclude>
    <ClInclude Include="BoidsBlackBoard.h">
      <Filter>Source Files\Behaviours\BlackBoard</Filter>
    </ClInclude>
    <ClInclude Include="VillagerBlackBoard.h">
      <Filter>Source Files\Behaviours\BlackBoard</Filter>
    </ClInclude>
    <ClInclude Include="MapEdges.h">
      <Filter>Source Files\PathFinding</Filter>
    </ClInclude>
    <ClInclude Include="VillegerUtility.h">
      <Filter>Source Files\Behaviours\Utility</Filter>
    </ClInclude>
    <ClInclude Include="MoveState.h">
      <Filter>Source Files\Behaviours\StateMachine\States</Filter>
    </ClInclude>
    <ClInclude Include="InfiniteFood.h">
      <Filter>Source Files\Objects</Filter>
    </ClInclude>
    <ClInclude Include="LimitedFood.h">
      <Filter>Source Files\Objects</Filter>
    </ClInclude>
    <ClInclude Include="Food.h">
      <Filter>Source Files\Objects</Filter>
    </ClInclude>
  </ItemGroup>
</Project>